
Microsoft Visual Studio Solution File, Format Version 12.00
# Visual Studio 16
Project("{FAE04EC0-301F-11D3-BF4B-00C04F79EFBC}") = "Assembly-CSharp-firstpass", "Assembly-CSharp-firstpass.csproj", "{722E9539-A55A-B064-EC2A-D513885982B9}"
EndProject
Project("{FAE04EC0-301F-11D3-BF4B-00C04F79EFBC}") = "Assembly-CSharp", "Assembly-CSharp.csproj", "{751A819E-2B29-DFB9-63B0-39B19E7E12DB}"
EndProject
Global
	GlobalSection(SolutionConfigurationPlatforms) = preSolution
		Debug|Any CPU = Debug|Any CPU
		Release|Any CPU = Release|Any CPU
	EndGlobalSection
	GlobalSection(ProjectConfigurationPlatforms) = postSolution
		{722E9539-A55A-B064-EC2A-D513885982B9}.Debug|Any CPU.ActiveCfg = Debug|Any CPU
		{722E9539-A55A-B064-EC2A-D513885982B9}.Debug|Any CPU.Build.0 = Debug|Any CPU
		{722E9539-A55A-B064-EC2A-D513885982B9}.Release|Any CPU.ActiveCfg = Release|Any CPU
		{722E9539-A55A-B064-EC2A-D513885982B9}.Release|Any CPU.Build.0 = Release|Any CPU
		{751A819E-2B29-DFB9-63B0-39B19E7E12DB}.Debug|Any CPU.ActiveCfg = Debug|Any CPU
		{751A819E-2B29-DFB9-63B0-39B19E7E12DB}.Debug|Any CPU.Build.0 = Debug|Any CPU
		{751A819E-2B29-DFB9-63B0-39B19E7E12DB}.Release|Any CPU.ActiveCfg = Release|Any CPU
		{751A819E-2B29-DFB9-63B0-39B19E7E12DB}.Release|Any CPU.Build.0 = Release|Any CPU
	EndGlobalSection
	GlobalSection(SolutionProperties) = preSolution
		HideSolutionNode = FALSE
	EndGlobalSection
EndGlobal
